// !$*UTF8*$!
{
	archiveVersion = 1;
	classes = {
	};
	objectVersion = 46;
	objects = {

/* Begin PBXBuildFile section */
		A064B5731C30F38000E7AFF7 /* main.m in Sources */ = {isa = PBXBuildFile; fileRef = A064B5721C30F38000E7AFF7 /* main.m */; };
		A064B5761C30F38000E7AFF7 /* AppDelegate.m in Sources */ = {isa = PBXBuildFile; fileRef = A064B5751C30F38000E7AFF7 /* AppDelegate.m */; };
		A064B5791C30F38000E7AFF7 /* ViewController.m in Sources */ = {isa = PBXBuildFile; fileRef = A064B5781C30F38000E7AFF7 /* ViewController.m */; };
		A064B57C1C30F38000E7AFF7 /* Main.storyboard in Resources */ = {isa = PBXBuildFile; fileRef = A064B57A1C30F38000E7AFF7 /* Main.storyboard */; };
		A064B57E1C30F38000E7AFF7 /* Assets.xcassets in Resources */ = {isa = PBXBuildFile; fileRef = A064B57D1C30F38000E7AFF7 /* Assets.xcassets */; };
		A064B5811C30F38000E7AFF7 /* LaunchScreen.storyboard in Resources */ = {isa = PBXBuildFile; fileRef = A064B57F1C30F38000E7AFF7 /* LaunchScreen.storyboard */; };
/* End PBXBuildFile section */

/* Begin PBXFileReference section */
		A064B56E1C30F38000E7AFF7 /* FMDB封装.app */ = {isa = PBXFileReference; explicitFileType = wrapper.application; includeInIndex = 0; path = "FMDB封装.app"; sourceTree = BUILT_PRODUCTS_DIR; };
		A064B5721C30F38000E7AFF7 /* main.m */ = {isa = PBXFileReference; lastKnownFileType = sourcecode.c.objc; path = main.m; sourceTree = "<group>"; };
		A064B5741C30F38000E7AFF7 /* AppDelegate.h */ = {isa = PBXFileReference; lastKnownFileType = sourcecode.c.h; path = AppDelegate.h; sourceTree = "<group>"; };
		A064B5751C30F38000E7AFF7 /* AppDelegate.m */ = {isa = PBXFileReference; lastKnownFileType = sourcecode.c.objc; path = AppDelegate.m; sourceTree = "<group>"; };
		A064B5771C30F38000E7AFF7 /* ViewController.h */ = {isa = PBXFileReference; lastKnownFileType = sourcecode.c.h; path = ViewController.h; sourceTree = "<group>"; };
		A064B5781C30F38000E7AFF7 /* ViewController.m */ = {isa = PBXFileReference; lastKnownFileType = sourcecode.c.objc; path = ViewController.m; sourceTree = "<group>"; };
		A064B57B1C30F38000E7AFF7 /* Base */ = {isa = PBXFileReference; lastKnownFileType = file.storyboard; name = Base; path = Base.lproj/Main.storyboard; sourceTree = "<group>"; };
		A064B57D1C30F38000E7AFF7 /* Assets.xcassets */ = {isa = PBXFileReference; lastKnownFileType = folder.assetcatalog; path = Assets.xcassets; sourceTree = "<group>"; };
		A064B5801C30F38000E7AFF7 /* Base */ = {isa = PBXFileReference; lastKnownFileType = file.storyboard; name = Base; path = Base.lproj/LaunchScreen.storyboard; sourceTree = "<group>"; };
		A064B5821C30F38000E7AFF7 /* Info.plist */ = {isa = PBXFileReference; lastKnownFileType = text.plist.xml; path = Info.plist; sourceTree = "<group>"; };
/* End PBXFileReference section */

/* Begin PBXFrameworksBuildPhase section */
		A064B56B1C30F38000E7AFF7 /* Frameworks */ = {
			isa = PBXFrameworksBuildPhase;
			buildActionMask = 2147483647;
			files = (
			);
			runOnlyForDeploymentPostprocessing = 0;
		};
/* End PBXFrameworksBuildPhase section */

/* Begin PBXGroup section */
		A064B5651C30F38000E7AFF7 = {
			isa = PBXGroup;
			children = (
				A064B5701C30F38000E7AFF7 /* FMDB封装 */,
				A064B56F1C30F38000E7AFF7 /* Products */,
			);
			sourceTree = "<group>";
		};
		A064B56F1C30F38000E7AFF7 /* Products */ = {
			isa = PBXGroup;
			children = (
				A064B56E1C30F38000E7AFF7 /* FMDB封装.app */,
			);
			name = Products;
			sourceTree = "<group>";
		};
		A064B5701C30F38000E7AFF7 /* FMDB封装 */ = {
			isa = PBXGroup;
			children = (
				A064B5741C30F38000E7AFF7 /* AppDelegate.h */,
				A064B5751C30F38000E7AFF7 /* AppDelegate.m */,
				A064B5771C30F38000E7AFF7 /* ViewController.h */,
				A064B5781C30F38000E7AFF7 /* ViewController.m */,
				A064B57A1C30F38000E7AFF7 /* Main.storyboard */,
				A064B57D1C30F38000E7AFF7 /* Assets.xcassets */,
				A064B57F1C30F38000E7AFF7 /* LaunchScreen.storyboard */,
				A064B5821C30F38000E7AFF7 /* Info.plist */,
				A064B5711C30F38000E7AFF7 /* Supporting Files */,
			);
			path = "FMDB封装";
			sourceTree = "<group>";
		};
		A064B5711C30F38000E7AFF7 /* Supporting Files */ = {
			isa = PBXGroup;
			children = (
				A064B5721C30F38000E7AFF7 /* main.m */,
			);
			name = "Supporting Files";
			sourceTree = "<group>";
		};
/* End PBXGroup section */

/* Begin PBXNativeTarget section */
		A064B56D1C30F38000E7AFF7 /* FMDB封装 */ = {
			isa = PBXNativeTarget;
			buildConfigurationList = A064B5851C30F38000E7AFF7 /* Build configuration list for PBXNativeTarget "FMDB封装" */;
			buildPhases = (
				A064B56A1C30F38000E7AFF7 /* Sources */,
				A064B56B1C30F38000E7AFF7 /* Frameworks */,
				A064B56C1C30F38000E7AFF7 /* Resources */,
			);
			buildRules = (
			);
			dependencies = (
			);
			name = "FMDB封装";
			productName = "FMDB封装";
			productReference = A064B56E1C30F38000E7AFF7 /* FMDB封装.app */;
			productType = "com.apple.product-type.application";
		};
/* End PBXNativeTarget section */

/* Begin PBXProject section */
		A064B5661C30F38000E7AFF7 /* Project object */ = {
			isa = PBXProject;
			attributes = {
				LastUpgradeCheck = 0720;
				ORGANIZATIONNAME = "洪晨希";
				TargetAttributes = {
					A064B56D1C30F38000E7AFF7 = {
						CreatedOnToolsVersion = 7.2;
					};
				};
			};
			buildConfigurationList = A064B5691C30F38000E7AFF7 /* Build configuration list for PBXProject "FMDB封装" */;
			compatibilityVersion = "Xcode 3.2";
			developmentRegion = English;
			hasScannedForEncodings = 0;
			knownRegions = (
				en,
				Base,
			);
			mainGroup = A064B5651C30F38000E7AFF7;
			productRefGroup = A064B56F1C30F38000E7AFF7 /* Products */;
			projectDirPath = "";
			projectRoot = "";
			targets = (
				A064B56D1C30F38000E7AFF7 /* FMDB封装 */,
			);
		};
/* End PBXProject section */

/* Begin PBXResourcesBuildPhase section */
		A064B56C1C30F38000E7AFF7 /* Resources */ = {
			isa = PBXResourcesBuildPhase;
			buildActionMask = 2147483647;
			files = (
				A064B5811C30F38000E7AFF7 /* LaunchScreen.storyboard in Resources */,
				A064B57E1C30F38000E7AFF7 /* Assets.xcassets in Resources */,
				A064B57C1C30F38000E7AFF7 /* Main.storyboard in Resources */,
			);
			runOnlyForDeploymentPostprocessing = 0;
		};
/* End PBXResourcesBuildPhase section */

/* Begin PBXSourcesBuildPhase section */
		A064B56A1C30F38000E7AFF7 /* Sources */ = {
			isa = PBXSourcesBuildPhase;
			buildActionMask = 2147483647;
			files = (
				A064B5791C30F38000E7AFF7 /* ViewController.m in Sources */,
				A064B5761C30F38000E7AFF7 /* AppDelegate.m in Sources */,
				A064B5731C30F38000E7AFF7 /* main.m in Sources */,
			);
			runOnlyForDeploymentPostprocessing = 0;
		};
/* End PBXSourcesBuildPhase section */

/* Begin PBXVariantGroup section */
		A064B57A1C30F38000E7AFF7 /* Main.storyboard */ = {
			isa = PBXVariantGroup;
			children = (
				A064B57B1C30F38000E7AFF7 /* Base */,
			);
			name = Main.storyboard;
			sourceTree = "<group>";
		};
		A064B57F1C30F38000E7AFF7 /* LaunchScreen.storyboard */ = {
			isa = PBXVariantGroup;
			children = (
				A064B5801C30F38000E7AFF7 /* Base */,
			);
			name = LaunchScreen.storyboard;
			sourceTree = "<group>";
		};
/* End PBXVariantGroup section */

/* Begin XCBuildConfiguration section */
		A064B5831C30F38000E7AFF7 /* Debug */ = {
			isa = XCBuildConfiguration;
			buildSettings = {
				ALWAYS_SEARCH_USER_PATHS = NO;
				CLANG_CXX_LANGUAGE_STANDARD = "gnu++0x";
				CLANG_CXX_LIBRARY = "libc++";
				CLANG_ENABLE_MODULES = YES;
				CLANG_ENABLE_OBJC_ARC = YES;
				CLANG_WARN_BOOL_CONVERSION = YES;
				CLANG_WARN_CONSTANT_CONVERSION = YES;
				CLANG_WARN_DIRECT_OBJC_ISA_USAGE = YES_ERROR;
				CLANG_WARN_EMPTY_BODY = YES;
				CLANG_WARN_ENUM_CONVERSION = YES;
				CLANG_WARN_INT_CONVERSION = YES;
				CLANG_WARN_OBJC_ROOT_CLASS = YES_ERROR;
				CLANG_WARN_UNREACHABLE_CODE = YES;
				CLANG_WARN__DUPLICATE_METHOD_MATCH = YES;
				"CODE_SIGN_IDENTITY[sdk=iphoneos*]" = "iPhone Developer";
				COPY_PHASE_STRIP = NO;
				DEBUG_INFORMATION_FORMAT = dwarf;
				ENABLE_STRICT_OBJC_MSGSEND = YES;
				ENABLE_TESTABILITY = YES;
				GCC_C_LANGUAGE_STANDARD = gnu99;
				GCC_DYNAMIC_NO_PIC = NO;
				GCC_NO_COMMON_BLOCKS = YES;
				GCC_OPTIMIZATION_LEVEL = 0;
				GCC_PREPROCESSOR_DEFINITIONS = (
					"DEBUG=1",
					"$(inherited)",
				);
				GCC_WARN_64_TO_32_BIT_CONVERSION = YES;
				GCC_WARN_ABOUT_RETURN_TYPE = YES_ERROR;
				GCC_WARN_UNDECLARED_SELECTOR = YES;
				GCC_WARN_UNINITIALIZED_AUTOS = YES_AGGRESSIVE;
				GCC_WARN_UNUSED_FUNCTION = YES;
				GCC_WARN_UNUSED_VARIABLE = YES;
				IPHONEOS_DEPLOYMENT_TARGET = 9.2;
				MTL_ENABLE_DEBUG_INFO = YES;
				ONLY_ACTIVE_ARCH = YES;
				SDKROOT = iphoneos;
			};
			name = Debug;
		};
		A064B5841C30F38000E7AFF7 /* Release */ = {
			isa = XCBuildConfiguration;
			buildSettings = {
				ALWAYS_SEARCH_USER_PATHS = NO;
				CLANG_CXX_LANGUAGE_STANDARD = "gnu++0x";
				CLANG_CXX_LIBRARY = "libc++";
				CLANG_ENABLE_MODULES = YES;
				CLANG_ENABLE_OBJC_ARC = YES;
				CLANG_WARN_BOOL_CONVERSION = YES;
				CLANG_WARN_CONSTANT_CONVERSION = YES;
				CLANG_WARN_DIRECT_OBJC_ISA_USAGE = YES_ERROR;
				CLANG_WARN_EMPTY_BODY = YES;
				CLANG_WARN_ENUM_CONVERSION = YES;
				CLANG_WARN_INT_CONVERSION = YES;
				CLANG_WARN_OBJC_ROOT_CLASS = YES_ERROR;
				CLANG_WARN_UNREACHABLE_CODE = YES;
				CLANG_WARN__DUPLICATE_METHOD_MATCH = YES;
				"CODE_SIGN_IDENTITY[sdk=iphoneos*]" = "iPhone Developer";
				COPY_PHASE_STRIP = NO;
				DEBUG_INFORMATION_FORMAT = "dwarf-with-dsym";
				ENABLE_NS_ASSERTIONS = NO;
				ENABLE_STRICT_OBJC_MSGSEND = YES;
				GCC_C_LANGUAGE_STANDARD = gnu99;
				GCC_NO_COMMON_BLOCKS = YES;
				GCC_WARN_64_TO_32_BIT_CONVERSION = YES;
				GCC_WARN_ABOUT_RETURN_TYPE = YES_ERROR;
				GCC_WARN_UNDECLARED_SELECTOR = YES;
				GCC_WARN_UNINITIALIZED_AUTOS = YES_AGGRESSIVE;
				GCC_WARN_UNUSED_FUNCTION = YES;
				GCC_WARN_UNUSED_VARIABLE = YES;
				IPHONEOS_DEPLOYMENT_TARGET = 9.2;
				MTL_ENABLE_DEBUG_INFO = NO;
				SDKROOT = iphoneos;
				VALIDATE_PRODUCT = YES;
			};
			name = Release;
		};
		A064B5861C30F38000E7AFF7 /* Debug */ = {
			isa = XCBuildConfiguration;
			buildSettings = {
				ASSETCATALOG_COMPILER_APPICON_NAME = AppIcon;
				INFOPLIST_FILE = "FMDB封装/Info.plist";
				LD_RUNPATH_SEARCH_PATHS = "$(inherited) @executable_path/Frameworks";
				PRODUCT_BUNDLE_IDENTIFIER = "com.ismart.FMDB--";
				PRODUCT_NAME = "$(TARGET_NAME)";
			};
			name = Debug;
		};
		A064B5871C30F38000E7AFF7 /* Release */ = {
			isa = XCBuildConfiguration;
			buildSettings = {
				ASSETCATALOG_COMPILER_APPICON_NAME = AppIcon;
				INFOPLIST_FILE = "FMDB封装/Info.plist";
				LD_RUNPATH_SEARCH_PATHS = "$(inherited) @executable_path/Frameworks";
				PRODUCT_BUNDLE_IDENTIFIER = "com.ismart.FMDB--";
				PRODUCT_NAME = "$(TARGET_NAME)";
			};
			name = Release;
		};
/* End XCBuildConfiguration section */

/* Begin XCConfigurationList section */
		A064B5691C30F38000E7AFF7 /* Build configuration list for PBXProject "FMDB封装" */ = {
			isa = XCConfigurationList;
			buildConfigurations = (
				A064B5831C30F38000E7AFF7 /* Debug */,
				A064B5841C30F38000E7AFF7 /* Release */,
			);
			defaultConfigurationIsVisible = 0;
			defaultConfigurationName = Release;
		};
		A064B5851C30F38000E7AFF7 /* Build configuration list for PBXNativeTarget "FMDB封装" */ = {
			isa = XCConfigurationList;
			buildConfigurations = (
				A064B5861C30F38000E7AFF7 /* Debug */,
				A064B5871C30F38000E7AFF7 /* Release */,
			);
			defaultConfigurationIsVisible = 0;
		};
/* End XCConfigurationList section */
	};
	rootObject = A064B5661C30F38000E7AFF7 /* Project object */;
}
